PODS:
  - FlutterMacOS (1.0.0)
  - openfile (0.0.1):
    - FlutterMacOS

DEPENDENCIES:
  - FlutterMacOS (from `Flutter/ephemeral`)
  - openfile (from `Flutter/ephemeral/.symlinks/plugins/openfile/macos`)

EXTERNAL SOURCES:
  FlutterMacOS:
    :path: Flutter/ephemeral
  openfile:
    :path: Flutter/ephemeral/.symlinks/plugins/openfile/macos

SPEC CHECKSUMS:
  FlutterMacOS: 8f6f14fa908a6fb3fba0cd85dbd81ec4b251fb24
  openfile: 4d0e9466fb3905b647d94a8c914940e0c67779c4

PODFILE CHECKSUM: 236401fc2c932af29a9fcf0e97baeeb2d750d367

COCOAPODS: 1.14.3
